
Microsoft Visual Studio Solution File, Format Version 12.00
# Visual Studio Version 17
VisualStudioVersion = 17.7.33927.210
MinimumVisualStudioVersion = 10.0.40219.1
Project("{2150E333-8FDC-42A3-9474-1A3956D46DE8}") = "Source", "Source", "{2B8ECB0D-1AAF-4E95-9A51-E3F90A8B4ED9}"
EndProject
Project("{2150E333-8FDC-42A3-9474-1A3956D46DE8}") = "Platforms", "Platforms", "{0DCBAE62-70D4-4C83-89C4-60A3856ABF8C}"
EndProject
Project("{9A19103F-16F7-4668-BE54-9A1E7A4F7556}") = "UnoApp55", "UnoApp55\UnoApp55\UnoApp55.csproj", "{9F93BEBC-E22A-4B5A-B38D-A14EADCEF0C5}"
EndProject
Project("{9A19103F-16F7-4668-BE54-9A1E7A4F7556}") = "UnoApp55.Mobile", "UnoApp55\UnoApp55.Mobile\UnoApp55.Mobile.csproj", "{F670BFAB-1CFB-470B-B6F7-285E952772D0}"
EndProject
Project("{9A19103F-16F7-4668-BE54-9A1E7A4F7556}") = "UnoApp55.Windows", "UnoApp55\UnoApp55.Windows\UnoApp55.Windows.csproj", "{0ED176DD-29DF-4EA8-BF0E-171F9F8DA9EF}"
EndProject
Project("{9A19103F-16F7-4668-BE54-9A1E7A4F7556}") = "UnoApp55.Wasm", "UnoApp55\UnoApp55.Wasm\UnoApp55.Wasm.csproj", "{5979221B-B993-47F2-946E-ED41FFD87ECC}"
EndProject
Project("{9A19103F-16F7-4668-BE54-9A1E7A4F7556}") = "UnoApp55.Skia.Gtk", "UnoApp55\UnoApp55.Skia.Gtk\UnoApp55.Skia.Gtk.csproj", "{875700E6-5263-496A-B4A3-45D7D68972D4}"
EndProject
Global
	GlobalSection(SolutionConfigurationPlatforms) = preSolution
		Debug|Any CPU = Debug|Any CPU
		Debug|arm64 = Debug|arm64
		Debug|x64 = Debug|x64
		Debug|x86 = Debug|x86
		Release|Any CPU = Release|Any CPU
		Release|arm64 = Release|arm64
		Release|x64 = Release|x64
		Release|x86 = Release|x86
	EndGlobalSection
	GlobalSection(ProjectConfigurationPlatforms) = postSolution
		{9F93BEBC-E22A-4B5A-B38D-A14EADCEF0C5}.Debug|Any CPU.ActiveCfg = Debug|Any CPU
		{9F93BEBC-E22A-4B5A-B38D-A14EADCEF0C5}.Debug|Any CPU.Build.0 = Debug|Any CPU
		{9F93BEBC-E22A-4B5A-B38D-A14EADCEF0C5}.Debug|arm64.ActiveCfg = Debug|Any CPU
		{9F93BEBC-E22A-4B5A-B38D-A14EADCEF0C5}.Debug|arm64.Build.0 = Debug|Any CPU
		{9F93BEBC-E22A-4B5A-B38D-A14EADCEF0C5}.Debug|x64.ActiveCfg = Debug|Any CPU
		{9F93BEBC-E22A-4B5A-B38D-A14EADCEF0C5}.Debug|x64.Build.0 = Debug|Any CPU
		{9F93BEBC-E22A-4B5A-B38D-A14EADCEF0C5}.Debug|x86.ActiveCfg = Debug|Any CPU
		{9F93BEBC-E22A-4B5A-B38D-A14EADCEF0C5}.Debug|x86.Build.0 = Debug|Any CPU
		{9F93BEBC-E22A-4B5A-B38D-A14EADCEF0C5}.Release|Any CPU.ActiveCfg = Release|Any CPU
		{9F93BEBC-E22A-4B5A-B38D-A14EADCEF0C5}.Release|Any CPU.Build.0 = Release|Any CPU
		{9F93BEBC-E22A-4B5A-B38D-A14EADCEF0C5}.Release|arm64.ActiveCfg = Release|Any CPU
		{9F93BEBC-E22A-4B5A-B38D-A14EADCEF0C5}.Release|arm64.Build.0 = Release|Any CPU
		{9F93BEBC-E22A-4B5A-B38D-A14EADCEF0C5}.Release|x64.ActiveCfg = Release|Any CPU
		{9F93BEBC-E22A-4B5A-B38D-A14EADCEF0C5}.Release|x64.Build.0 = Release|Any CPU
		{9F93BEBC-E22A-4B5A-B38D-A14EADCEF0C5}.Release|x86.ActiveCfg = Release|Any CPU
		{9F93BEBC-E22A-4B5A-B38D-A14EADCEF0C5}.Release|x86.Build.0 = Release|Any CPU
		{F670BFAB-1CFB-470B-B6F7-285E952772D0}.Debug|Any CPU.ActiveCfg = Debug|Any CPU
		{F670BFAB-1CFB-470B-B6F7-285E952772D0}.Debug|Any CPU.Build.0 = Debug|Any CPU
		{F670BFAB-1CFB-470B-B6F7-285E952772D0}.Debug|Any CPU.Deploy.0 = Debug|Any CPU
		{F670BFAB-1CFB-470B-B6F7-285E952772D0}.Debug|arm64.ActiveCfg = Debug|Any CPU
		{F670BFAB-1CFB-470B-B6F7-285E952772D0}.Debug|arm64.Build.0 = Debug|Any CPU
		{F670BFAB-1CFB-470B-B6F7-285E952772D0}.Debug|arm64.Deploy.0 = Debug|Any CPU
		{F670BFAB-1CFB-470B-B6F7-285E952772D0}.Debug|x64.ActiveCfg = Debug|Any CPU
		{F670BFAB-1CFB-470B-B6F7-285E952772D0}.Debug|x64.Build.0 = Debug|Any CPU
		{F670BFAB-1CFB-470B-B6F7-285E952772D0}.Debug|x64.Deploy.0 = Debug|Any CPU
		{F670BFAB-1CFB-470B-B6F7-285E952772D0}.Debug|x86.ActiveCfg = Debug|Any CPU
		{F670BFAB-1CFB-470B-B6F7-285E952772D0}.Debug|x86.Build.0 = Debug|Any CPU
		{F670BFAB-1CFB-470B-B6F7-285E952772D0}.Debug|x86.Deploy.0 = Debug|Any CPU
		{F670BFAB-1CFB-470B-B6F7-285E952772D0}.Release|Any CPU.ActiveCfg = Release|Any CPU
		{F670BFAB-1CFB-470B-B6F7-285E952772D0}.Release|Any CPU.Build.0 = Release|Any CPU
		{F670BFAB-1CFB-470B-B6F7-285E952772D0}.Release|Any CPU.Deploy.0 = Release|Any CPU
		{F670BFAB-1CFB-470B-B6F7-285E952772D0}.Release|arm64.ActiveCfg = Release|Any CPU
		{F670BFAB-1CFB-470B-B6F7-285E952772D0}.Release|arm64.Build.0 = Release|Any CPU
		{F670BFAB-1CFB-470B-B6F7-285E952772D0}.Release|arm64.Deploy.0 = Release|Any CPU
		{F670BFAB-1CFB-470B-B6F7-285E952772D0}.Release|x64.ActiveCfg = Release|Any CPU
		{F670BFAB-1CFB-470B-B6F7-285E952772D0}.Release|x64.Build.0 = Release|Any CPU
		{F670BFAB-1CFB-470B-B6F7-285E952772D0}.Release|x64.Deploy.0 = Release|Any CPU
		{F670BFAB-1CFB-470B-B6F7-285E952772D0}.Release|x86.ActiveCfg = Release|Any CPU
		{F670BFAB-1CFB-470B-B6F7-285E952772D0}.Release|x86.Build.0 = Release|Any CPU
		{F670BFAB-1CFB-470B-B6F7-285E952772D0}.Release|x86.Deploy.0 = Release|Any CPU
		{0ED176DD-29DF-4EA8-BF0E-171F9F8DA9EF}.Debug|Any CPU.ActiveCfg = Debug|x64
		{0ED176DD-29DF-4EA8-BF0E-171F9F8DA9EF}.Debug|Any CPU.Build.0 = Debug|x64
		{0ED176DD-29DF-4EA8-BF0E-171F9F8DA9EF}.Debug|Any CPU.Deploy.0 = Debug|x64
		{0ED176DD-29DF-4EA8-BF0E-171F9F8DA9EF}.Debug|arm64.ActiveCfg = Debug|arm64
		{0ED176DD-29DF-4EA8-BF0E-171F9F8DA9EF}.Debug|arm64.Build.0 = Debug|arm64
		{0ED176DD-29DF-4EA8-BF0E-171F9F8DA9EF}.Debug|arm64.Deploy.0 = Debug|arm64
		{0ED176DD-29DF-4EA8-BF0E-171F9F8DA9EF}.Debug|x64.ActiveCfg = Debug|x64
		{0ED176DD-29DF-4EA8-BF0E-171F9F8DA9EF}.Debug|x64.Build.0 = Debug|x64
		{0ED176DD-29DF-4EA8-BF0E-171F9F8DA9EF}.Debug|x64.Deploy.0 = Debug|x64
		{0ED176DD-29DF-4EA8-BF0E-171F9F8DA9EF}.Debug|x86.ActiveCfg = Debug|x86
		{0ED176DD-29DF-4EA8-BF0E-171F9F8DA9EF}.Debug|x86.Build.0 = Debug|x86
		{0ED176DD-29DF-4EA8-BF0E-171F9F8DA9EF}.Debug|x86.Deploy.0 = Debug|x86
		{0ED176DD-29DF-4EA8-BF0E-171F9F8DA9EF}.Release|Any CPU.ActiveCfg = Release|x64
		{0ED176DD-29DF-4EA8-BF0E-171F9F8DA9EF}.Release|Any CPU.Build.0 = Release|x64
		{0ED176DD-29DF-4EA8-BF0E-171F9F8DA9EF}.Release|Any CPU.Deploy.0 = Release|x64
		{0ED176DD-29DF-4EA8-BF0E-171F9F8DA9EF}.Release|arm64.ActiveCfg = Release|arm64
		{0ED176DD-29DF-4EA8-BF0E-171F9F8DA9EF}.Release|arm64.Build.0 = Release|arm64
		{0ED176DD-29DF-4EA8-BF0E-171F9F8DA9EF}.Release|arm64.Deploy.0 = Release|arm64
		{0ED176DD-29DF-4EA8-BF0E-171F9F8DA9EF}.Release|x64.ActiveCfg = Release|x64
		{0ED176DD-29DF-4EA8-BF0E-171F9F8DA9EF}.Release|x64.Build.0 = Release|x64
		{0ED176DD-29DF-4EA8-BF0E-171F9F8DA9EF}.Release|x64.Deploy.0 = Release|x64
		{0ED176DD-29DF-4EA8-BF0E-171F9F8DA9EF}.Release|x86.ActiveCfg = Release|x86
		{0ED176DD-29DF-4EA8-BF0E-171F9F8DA9EF}.Release|x86.Build.0 = Release|x86
		{0ED176DD-29DF-4EA8-BF0E-171F9F8DA9EF}.Release|x86.Deploy.0 = Release|x86
		{5979221B-B993-47F2-946E-ED41FFD87ECC}.Debug|Any CPU.ActiveCfg = Debug|Any CPU
		{5979221B-B993-47F2-946E-ED41FFD87ECC}.Debug|Any CPU.Build.0 = Debug|Any CPU
		{5979221B-B993-47F2-946E-ED41FFD87ECC}.Debug|arm64.ActiveCfg = Debug|Any CPU
		{5979221B-B993-47F2-946E-ED41FFD87ECC}.Debug|arm64.Build.0 = Debug|Any CPU
		{5979221B-B993-47F2-946E-ED41FFD87ECC}.Debug|x64.ActiveCfg = Debug|Any CPU
		{5979221B-B993-47F2-946E-ED41FFD87ECC}.Debug|x64.Build.0 = Debug|Any CPU
		{5979221B-B993-47F2-946E-ED41FFD87ECC}.Debug|x86.ActiveCfg = Debug|Any CPU
		{5979221B-B993-47F2-946E-ED41FFD87ECC}.Debug|x86.Build.0 = Debug|Any CPU
		{5979221B-B993-47F2-946E-ED41FFD87ECC}.Release|Any CPU.ActiveCfg = Release|Any CPU
		{5979221B-B993-47F2-946E-ED41FFD87ECC}.Release|Any CPU.Build.0 = Release|Any CPU
		{5979221B-B993-47F2-946E-ED41FFD87ECC}.Release|arm64.ActiveCfg = Release|Any CPU
		{5979221B-B993-47F2-946E-ED41FFD87ECC}.Release|arm64.Build.0 = Release|Any CPU
		{5979221B-B993-47F2-946E-ED41FFD87ECC}.Release|x64.ActiveCfg = Release|Any CPU
		{5979221B-B993-47F2-946E-ED41FFD87ECC}.Release|x64.Build.0 = Release|Any CPU
		{5979221B-B993-47F2-946E-ED41FFD87ECC}.Release|x86.ActiveCfg = Release|Any CPU
		{5979221B-B993-47F2-946E-ED41FFD87ECC}.Release|x86.Build.0 = Release|Any CPU
		{875700E6-5263-496A-B4A3-45D7D68972D4}.Debug|Any CPU.ActiveCfg = Debug|Any CPU
		{875700E6-5263-496A-B4A3-45D7D68972D4}.Debug|Any CPU.Build.0 = Debug|Any CPU
		{875700E6-5263-496A-B4A3-45D7D68972D4}.Debug|arm64.ActiveCfg = Debug|Any CPU
		{875700E6-5263-496A-B4A3-45D7D68972D4}.Debug|arm64.Build.0 = Debug|Any CPU
		{875700E6-5263-496A-B4A3-45D7D68972D4}.Debug|x64.ActiveCfg = Debug|Any CPU
		{875700E6-5263-496A-B4A3-45D7D68972D4}.Debug|x64.Build.0 = Debug|Any CPU
		{875700E6-5263-496A-B4A3-45D7D68972D4}.Debug|x86.ActiveCfg = Debug|Any CPU
		{875700E6-5263-496A-B4A3-45D7D68972D4}.Debug|x86.Build.0 = Debug|Any CPU
		{875700E6-5263-496A-B4A3-45D7D68972D4}.Release|Any CPU.ActiveCfg = Release|Any CPU
		{875700E6-5263-496A-B4A3-45D7D68972D4}.Release|Any CPU.Build.0 = Release|Any CPU
		{875700E6-5263-496A-B4A3-45D7D68972D4}.Release|arm64.ActiveCfg = Release|Any CPU
		{875700E6-5263-496A-B4A3-45D7D68972D4}.Release|arm64.Build.0 = Release|Any CPU
		{875700E6-5263-496A-B4A3-45D7D68972D4}.Release|x64.ActiveCfg = Release|Any CPU
		{875700E6-5263-496A-B4A3-45D7D68972D4}.Release|x64.Build.0 = Release|Any CPU
		{875700E6-5263-496A-B4A3-45D7D68972D4}.Release|x86.ActiveCfg = Release|Any CPU
		{875700E6-5263-496A-B4A3-45D7D68972D4}.Release|x86.Build.0 = Release|Any CPU
	EndGlobalSection
	GlobalSection(SolutionProperties) = preSolution
		HideSolutionNode = FALSE
	EndGlobalSection
	GlobalSection(NestedProjects) = preSolution
		{0DCBAE62-70D4-4C83-89C4-60A3856ABF8C} = {2B8ECB0D-1AAF-4E95-9A51-E3F90A8B4ED9}
		{9F93BEBC-E22A-4B5A-B38D-A14EADCEF0C5} = {2B8ECB0D-1AAF-4E95-9A51-E3F90A8B4ED9}
		{F670BFAB-1CFB-470B-B6F7-285E952772D0} = {0DCBAE62-70D4-4C83-89C4-60A3856ABF8C}
		{0ED176DD-29DF-4EA8-BF0E-171F9F8DA9EF} = {0DCBAE62-70D4-4C83-89C4-60A3856ABF8C}
		{5979221B-B993-47F2-946E-ED41FFD87ECC} = {0DCBAE62-70D4-4C83-89C4-60A3856ABF8C}
		{875700E6-5263-496A-B4A3-45D7D68972D4} = {0DCBAE62-70D4-4C83-89C4-60A3856ABF8C}
	EndGlobalSection
	GlobalSection(ExtensibilityGlobals) = postSolution
		SolutionGuid = {817F2377-378C-47A7-BDA5-3535E424EBAC}
	EndGlobalSection
EndGlobal
